// !$*UTF8*$!
{
	archiveVersion = 1;
	classes = {
	};
	objectVersion = 55;
	objects = {

/* Begin PBXBuildFile section */
		7E6F43239A71A8EA9F7E60F4 /* Pods_weatherTest.framework in Frameworks */ = {isa = PBXBuildFile; fileRef = 7F89D99CA37C26E03A577B9C /* Pods_weatherTest.framework */; };
		F9305D0E285DE6B000B1AA46 /* WeatherDetailVC.swift in Sources */ = {isa = PBXBuildFile; fileRef = F9305D0D285DE6B000B1AA46 /* WeatherDetailVC.swift */; };
		F930EFA9285E6F1A00D35FD3 /* WeatherListTableViewCell.swift in Sources */ = {isa = PBXBuildFile; fileRef = F930EFA7285E6F1A00D35FD3 /* WeatherListTableViewCell.swift */; };
		F930EFAD285E8A2B00D35FD3 /* WeatherInfoView.swift in Sources */ = {isa = PBXBuildFile; fileRef = F930EFAC285E8A2B00D35FD3 /* WeatherInfoView.swift */; };
		F930EFB0285F193B00D35FD3 /* WeatherDailyView.swift in Sources */ = {isa = PBXBuildFile; fileRef = F930EFAF285F193B00D35FD3 /* WeatherDailyView.swift */; };
		F930EFB2285F218300D35FD3 /* Weather.swift in Sources */ = {isa = PBXBuildFile; fileRef = F930EFB1285F218300D35FD3 /* Weather.swift */; };
		F930EFB4285F38FE00D35FD3 /* WeatherSearchTableVC.swift in Sources */ = {isa = PBXBuildFile; fileRef = F930EFB3285F38FE00D35FD3 /* WeatherSearchTableVC.swift */; };
		F9621D18285BC67600F15613 /* Color.swift in Sources */ = {isa = PBXBuildFile; fileRef = F9621D17285BC67600F15613 /* Color.swift */; };
		F9621D1A285BD2C700F15613 /* Extensions.swift in Sources */ = {isa = PBXBuildFile; fileRef = F9621D19285BD2C700F15613 /* Extensions.swift */; };
		F974E4E6285B17CB00CBA32E /* AppDelegate.swift in Sources */ = {isa = PBXBuildFile; fileRef = F974E4E5285B17CB00CBA32E /* AppDelegate.swift */; };
		F974E4E8285B17CB00CBA32E /* SceneDelegate.swift in Sources */ = {isa = PBXBuildFile; fileRef = F974E4E7285B17CB00CBA32E /* SceneDelegate.swift */; };
		F974E4EA285B17CB00CBA32E /* WeatherListVC.swift in Sources */ = {isa = PBXBuildFile; fileRef = F974E4E9285B17CB00CBA32E /* WeatherListVC.swift */; };
		F974E4EF285B17CC00CBA32E /* Assets.xcassets in Resources */ = {isa = PBXBuildFile; fileRef = F974E4EE285B17CC00CBA32E /* Assets.xcassets */; };
		F974E4F2285B17CC00CBA32E /* LaunchScreen.storyboard in Resources */ = {isa = PBXBuildFile; fileRef = F974E4F0285B17CC00CBA32E /* LaunchScreen.storyboard */; };
/* End PBXBuildFile section */

/* Begin PBXFileReference section */
		0C21AC2FBE609875E032E3C1 /* Pods-weatherTest.debug.xcconfig */ = {isa = PBXFileReference; includeInIndex = 1; lastKnownFileType = text.xcconfig; name = "Pods-weatherTest.debug.xcconfig"; path = "Target Support Files/Pods-weatherTest/Pods-weatherTest.debug.xcconfig"; sourceTree = "<group>"; };
		46236D9F57A1C4B9A4F4262C /* Pods-weatherTest.release.xcconfig */ = {isa = PBXFileReference; includeInIndex = 1; lastKnownFileType = text.xcconfig; name = "Pods-weatherTest.release.xcconfig"; path = "Target Support Files/Pods-weatherTest/Pods-weatherTest.release.xcconfig"; sourceTree = "<group>"; };
		7F89D99CA37C26E03A577B9C /* Pods_weatherTest.framework */ = {isa = PBXFileReference; explicitFileType = wrapper.framework; includeInIndex = 0; path = Pods_weatherTest.framework; sourceTree = BUILT_PRODUCTS_DIR; };
		F9305D0D285DE6B000B1AA46 /* WeatherDetailVC.swift */ = {isa = PBXFileReference; lastKnownFileType = sourcecode.swift; path = WeatherDetailVC.swift; sourceTree = "<group>"; };
		F930EFA7285E6F1A00D35FD3 /* WeatherListTableViewCell.swift */ = {isa = PBXFileReference; lastKnownFileType = sourcecode.swift; path = WeatherListTableViewCell.swift; sourceTree = "<group>"; };
		F930EFAC285E8A2B00D35FD3 /* WeatherInfoView.swift */ = {isa = PBXFileReference; lastKnownFileType = sourcecode.swift; path = WeatherInfoView.swift; sourceTree = "<group>"; };
		F930EFAF285F193B00D35FD3 /* WeatherDailyView.swift */ = {isa = PBXFileReference; lastKnownFileType = sourcecode.swift; path = WeatherDailyView.swift; sourceTree = "<group>"; };
		F930EFB1285F218300D35FD3 /* Weather.swift */ = {isa = PBXFileReference; lastKnownFileType = sourcecode.swift; path = Weather.swift; sourceTree = "<group>"; };
		F930EFB3285F38FE00D35FD3 /* WeatherSearchTableVC.swift */ = {isa = PBXFileReference; lastKnownFileType = sourcecode.swift; path = WeatherSearchTableVC.swift; sourceTree = "<group>"; };
		F9621D17285BC67600F15613 /* Color.swift */ = {isa = PBXFileReference; lastKnownFileType = sourcecode.swift; path = Color.swift; sourceTree = "<group>"; };
		F9621D19285BD2C700F15613 /* Extensions.swift */ = {isa = PBXFileReference; lastKnownFileType = sourcecode.swift; path = Extensions.swift; sourceTree = "<group>"; };
		F974E4E2285B17CB00CBA32E /* weatherTest.app */ = {isa = PBXFileReference; explicitFileType = wrapper.application; includeInIndex = 0; path = weatherTest.app; sourceTree = BUILT_PRODUCTS_DIR; };
		F974E4E5285B17CB00CBA32E /* AppDelegate.swift */ = {isa = PBXFileReference; lastKnownFileType = sourcecode.swift; path = AppDelegate.swift; sourceTree = "<group>"; };
		F974E4E7285B17CB00CBA32E /* SceneDelegate.swift */ = {isa = PBXFileReference; lastKnownFileType = sourcecode.swift; path = SceneDelegate.swift; sourceTree = "<group>"; };
		F974E4E9285B17CB00CBA32E /* WeatherListVC.swift */ = {isa = PBXFileReference; lastKnownFileType = sourcecode.swift; path = WeatherListVC.swift; sourceTree = "<group>"; };
		F974E4EE285B17CC00CBA32E /* Assets.xcassets */ = {isa = PBXFileReference; lastKnownFileType = folder.assetcatalog; path = Assets.xcassets; sourceTree = "<group>"; };
		F974E4F1285B17CC00CBA32E /* Base */ = {isa = PBXFileReference; lastKnownFileType = file.storyboard; name = Base; path = Base.lproj/LaunchScreen.storyboard; sourceTree = "<group>"; };
		F974E4F3285B17CC00CBA32E /* Info.plist */ = {isa = PBXFileReference; lastKnownFileType = text.plist.xml; path = Info.plist; sourceTree = "<group>"; };
/* End PBXFileReference section */

/* Begin PBXFrameworksBuildPhase section */
		F974E4DF285B17CB00CBA32E /* Frameworks */ = {
			isa = PBXFrameworksBuildPhase;
			buildActionMask = 2147483647;
			files = (
				7E6F43239A71A8EA9F7E60F4 /* Pods_weatherTest.framework in Frameworks */,
			);
			runOnlyForDeploymentPostprocessing = 0;
		};
/* End PBXFrameworksBuildPhase section */

/* Begin PBXGroup section */
		1A45057BCE66A85DE92CC820 /* Pods */ = {
			isa = PBXGroup;
			children = (
				0C21AC2FBE609875E032E3C1 /* Pods-weatherTest.debug.xcconfig */,
				46236D9F57A1C4B9A4F4262C /* Pods-weatherTest.release.xcconfig */,
			);
			path = Pods;
			sourceTree = "<group>";
		};
		C092DB92B4CB7DDE43539829 /* Frameworks */ = {
			isa = PBXGroup;
			children = (
				7F89D99CA37C26E03A577B9C /* Pods_weatherTest.framework */,
			);
			name = Frameworks;
			sourceTree = "<group>";
		};
		F9621D16285BC66800F15613 /* Style */ = {
			isa = PBXGroup;
			children = (
				F9621D17285BC67600F15613 /* Color.swift */,
			);
			path = Style;
			sourceTree = "<group>";
		};
		F974E4D9285B17CB00CBA32E = {
			isa = PBXGroup;
			children = (
				F974E4E4285B17CB00CBA32E /* weatherTest */,
				F974E4E3285B17CB00CBA32E /* Products */,
				1A45057BCE66A85DE92CC820 /* Pods */,
				C092DB92B4CB7DDE43539829 /* Frameworks */,
			);
			sourceTree = "<group>";
		};
		F974E4E3285B17CB00CBA32E /* Products */ = {
			isa = PBXGroup;
			children = (
				F974E4E2285B17CB00CBA32E /* weatherTest.app */,
			);
			name = Products;
			sourceTree = "<group>";
		};
		F974E4E4285B17CB00CBA32E /* weatherTest */ = {
			isa = PBXGroup;
			children = (
				F9621D16285BC66800F15613 /* Style */,
				F974E4E9285B17CB00CBA32E /* WeatherListVC.swift */,
				F930EFB1285F218300D35FD3 /* Weather.swift */,
				F9305D0D285DE6B000B1AA46 /* WeatherDetailVC.swift */,
				F930EFAC285E8A2B00D35FD3 /* WeatherInfoView.swift */,
				F930EFAF285F193B00D35FD3 /* WeatherDailyView.swift */,
				F9621D19285BD2C700F15613 /* Extensions.swift */,
				F974E4E5285B17CB00CBA32E /* AppDelegate.swift */,
				F974E4E7285B17CB00CBA32E /* SceneDelegate.swift */,
				F974E4EE285B17CC00CBA32E /* Assets.xcassets */,
				F974E4F0285B17CC00CBA32E /* LaunchScreen.storyboard */,
				F974E4F3285B17CC00CBA32E /* Info.plist */,
				F930EFA7285E6F1A00D35FD3 /* WeatherListTableViewCell.swift */,
				F930EFB3285F38FE00D35FD3 /* WeatherSearchTableVC.swift */,
			);
			path = weatherTest;
			sourceTree = "<group>";
		};
/* End PBXGroup section */

/* Begin PBXNativeTarget section */
		F974E4E1285B17CB00CBA32E /* weatherTest */ = {
			isa = PBXNativeTarget;
			buildConfigurationList = F974E4F6285B17CC00CBA32E /* Build configuration list for PBXNativeTarget "weatherTest" */;
			buildPhases = (
				50376AD5C72440B1877D61B6 /* [CP] Check Pods Manifest.lock */,
				F974E4DE285B17CB00CBA32E /* Sources */,
				F974E4DF285B17CB00CBA32E /* Frameworks */,
				F974E4E0285B17CB00CBA32E /* Resources */,
				EA5FF2964883BC87DD090F16 /* [CP] Embed Pods Frameworks */,
			);
			buildRules = (
			);
			dependencies = (
			);
			name = weatherTest;
			productName = weatherTest;
			productReference = F974E4E2285B17CB00CBA32E /* weatherTest.app */;
			productType = "com.apple.product-type.application";
		};
/* End PBXNativeTarget section */

/* Begin PBXProject section */
		F974E4DA285B17CB00CBA32E /* Project object */ = {
			isa = PBXProject;
			attributes = {
				BuildIndependentTargetsInParallel = 1;
				LastSwiftUpdateCheck = 1310;
				LastUpgradeCheck = 1310;
				TargetAttributes = {
					F974E4E1285B17CB00CBA32E = {
						CreatedOnToolsVersion = 13.1;
					};
				};
			};
			buildConfigurationList = F974E4DD285B17CB00CBA32E /* Build configuration list for PBXProject "weatherTest" */;
			compatibilityVersion = "Xcode 13.0";
			developmentRegion = en;
			hasScannedForEncodings = 0;
			knownRegions = (
				en,
				Base,
			);
			mainGroup = F974E4D9285B17CB00CBA32E;
			productRefGroup = F974E4E3285B17CB00CBA32E /* Products */;
			projectDirPath = "";
			projectRoot = "";
			targets = (
				F974E4E1285B17CB00CBA32E /* weatherTest */,
			);
		};
/* End PBXProject section */

/* Begin PBXResourcesBuildPhase section */
		F974E4E0285B17CB00CBA32E /* Resources */ = {
			isa = PBXResourcesBuildPhase;
			buildActionMask = 2147483647;
			files = (
				F974E4F2285B17CC00CBA32E /* LaunchScreen.storyboard in Resources */,
				F974E4EF285B17CC00CBA32E /* Assets.xcassets in Resources */,
			);
			runOnlyForDeploymentPostprocessing = 0;
		};
/* End PBXResourcesBuildPhase section */

/* Begin PBXShellScriptBuildPhase section */
		50376AD5C72440B1877D61B6 /* [CP] Check Pods Manifest.lock */ = {
			isa = PBXShellScriptBuildPhase;
			buildActionMask = 2147483647;
			files = (
			);
			inputFileListPaths = (
			);
			inputPaths = (
				"${PODS_PODFILE_DIR_PATH}/Podfile.lock",
				"${PODS_ROOT}/Manifest.lock",
			);
			name = "[CP] Check Pods Manifest.lock";
			outputFileListPaths = (
			);
			outputPaths = (
				"$(DERIVED_FILE_DIR)/Pods-weatherTest-checkManifestLockResult.txt",
			);
			runOnlyForDeploymentPostprocessing = 0;
			shellPath = /bin/sh;
			shellScript = "diff \"${PODS_PODFILE_DIR_PATH}/Podfile.lock\" \"${PODS_ROOT}/Manifest.lock\" > /dev/null\nif [ $? != 0 ] ; then\n    # print error to STDERR\n    echo \"error: The sandbox is not in sync with the Podfile.lock. Run 'pod install' or update your CocoaPods installation.\" >&2\n    exit 1\nfi\n# This output is used by Xcode 'outputs' to avoid re-running this script phase.\necho \"SUCCESS\" > \"${SCRIPT_OUTPUT_FILE_0}\"\n";
			showEnvVarsInLog = 0;
		};
		EA5FF2964883BC87DD090F16 /* [CP] Embed Pods Frameworks */ = {
			isa = PBXShellScriptBuildPhase;
			buildActionMask = 2147483647;
			files = (
			);
			inputFileListPaths = (
				"${PODS_ROOT}/Target Support Files/Pods-weatherTest/Pods-weatherTest-frameworks-${CONFIGURATION}-input-files.xcfilelist",
			);
			name = "[CP] Embed Pods Frameworks";
			outputFileListPaths = (
				"${PODS_ROOT}/Target Support Files/Pods-weatherTest/Pods-weatherTest-frameworks-${CONFIGURATION}-output-files.xcfilelist",
			);
			runOnlyForDeploymentPostprocessing = 0;
			shellPath = /bin/sh;
			shellScript = "\"${PODS_ROOT}/Target Support Files/Pods-weatherTest/Pods-weatherTest-frameworks.sh\"\n";
			showEnvVarsInLog = 0;
		};
/* End PBXShellScriptBuildPhase section */

/* Begin PBXSourcesBuildPhase section */
		F974E4DE285B17CB00CBA32E /* Sources */ = {
			isa = PBXSourcesBuildPhase;
			buildActionMask = 2147483647;
			files = (
				F930EFB4285F38FE00D35FD3 /* WeatherSearchTableVC.swift in Sources */,
				F930EFAD285E8A2B00D35FD3 /* WeatherInfoView.swift in Sources */,
				F974E4EA285B17CB00CBA32E /* WeatherListVC.swift in Sources */,
				F930EFA9285E6F1A00D35FD3 /* WeatherListTableViewCell.swift in Sources */,
				F9305D0E285DE6B000B1AA46 /* WeatherDetailVC.swift in Sources */,
				F930EFB2285F218300D35FD3 /* Weather.swift in Sources */,
				F930EFB0285F193B00D35FD3 /* WeatherDailyView.swift in Sources */,
				F9621D1A285BD2C700F15613 /* Extensions.swift in Sources */,
				F974E4E6285B17CB00CBA32E /* AppDelegate.swift in Sources */,
				F974E4E8285B17CB00CBA32E /* SceneDelegate.swift in Sources */,
				F9621D18285BC67600F15613 /* Color.swift in Sources */,
			);
			runOnlyForDeploymentPostprocessing = 0;
		};
/* End PBXSourcesBuildPhase section */

/* Begin PBXVariantGroup section */
		F974E4F0285B17CC00CBA32E /* LaunchScreen.storyboard */ = {
			isa = PBXVariantGroup;
			children = (
				F974E4F1285B17CC00CBA32E /* Base */,
			);
			name = LaunchScreen.storyboard;
			sourceTree = "<group>";
		};
/* End PBXVariantGroup section */

/* Begin XCBuildConfiguration section */
		F974E4F4285B17CC00CBA32E /* Debug */ = {
			isa = XCBuildConfiguration;
			buildSettings = {
				ALWAYS_SEARCH_USER_PATHS = NO;
				CLANG_ANALYZER_NONNULL = YES;
				CLANG_ANALYZER_NUMBER_OBJECT_CONVERSION = YES_AGGRESSIVE;
				CLANG_CXX_LANGUAGE_STANDARD = "gnu++17";
				CLANG_CXX_LIBRARY = "libc++";
				CLANG_ENABLE_MODULES = YES;
				CLANG_ENABLE_OBJC_ARC = YES;
				CLANG_ENABLE_OBJC_WEAK = YES;
				CLANG_WARN_BLOCK_CAPTURE_AUTORELEASING = YES;
				CLANG_WARN_BOOL_CONVERSION = YES;
				CLANG_WARN_COMMA = YES;
				CLANG_WARN_CONSTANT_CONVERSION = YES;
				CLANG_WARN_DEPRECATED_OBJC_IMPLEMENTATIONS = YES;
				CLANG_WARN_DIRECT_OBJC_ISA_USAGE = YES_ERROR;
				CLANG_WARN_DOCUMENTATION_COMMENTS = YES;
				CLANG_WARN_EMPTY_BODY = YES;
				CLANG_WARN_ENUM_CONVERSION = YES;
				CLANG_WARN_INFINITE_RECURSION = YES;
				CLANG_WARN_INT_CONVERSION = YES;
				CLANG_WARN_NON_LITERAL_NULL_CONVERSION = YES;
				CLANG_WARN_OBJC_IMPLICIT_RETAIN_SELF = YES;
				CLANG_WARN_OBJC_LITERAL_CONVERSION = YES;
				CLANG_WARN_OBJC_ROOT_CLASS = YES_ERROR;
				CLANG_WARN_QUOTED_INCLUDE_IN_FRAMEWORK_HEADER = YES;
				CLANG_WARN_RANGE_LOOP_ANALYSIS = YES;
				CLANG_WARN_STRICT_PROTOTYPES = YES;
				CLANG_WARN_SUSPICIOUS_MOVE = YES;
				CLANG_WARN_UNGUARDED_AVAILABILITY = YES_AGGRESSIVE;
				CLANG_WARN_UNREACHABLE_CODE = YES;
				CLANG_WARN__DUPLICATE_METHOD_MATCH = YES;
				COPY_PHASE_STRIP = NO;
				DEBUG_INFORMATION_FORMAT = dwarf;
				ENABLE_STRICT_OBJC_MSGSEND = YES;
				ENABLE_TESTABILITY = YES;
				GCC_C_LANGUAGE_STANDARD = gnu11;
				GCC_DYNAMIC_NO_PIC = NO;
				GCC_NO_COMMON_BLOCKS = YES;
				GCC_OPTIMIZATION_LEVEL = 0;
				GCC_PREPROCESSOR_DEFINITIONS = (
					"DEBUG=1",
					"$(inherited)",
				);
				GCC_WARN_64_TO_32_BIT_CONVERSION = YES;
				GCC_WARN_ABOUT_RETURN_TYPE = YES_ERROR;
				GCC_WARN_UNDECLARED_SELECTOR = YES;
				GCC_WARN_UNINITIALIZED_AUTOS = YES_AGGRESSIVE;
				GCC_WARN_UNUSED_FUNCTION = YES;
				GCC_WARN_UNUSED_VARIABLE = YES;
				IPHONEOS_DEPLOYMENT_TARGET = 15.0;
				MTL_ENABLE_DEBUG_INFO = INCLUDE_SOURCE;
				MTL_FAST_MATH = YES;
				ONLY_ACTIVE_ARCH = YES;
				SDKROOT = iphoneos;
				SWIFT_ACTIVE_COMPILATION_CONDITIONS = DEBUG;
				SWIFT_OPTIMIZATION_LEVEL = "-Onone";
			};
			name = Debug;
		};
		F974E4F5285B17CC00CBA32E /* Release */ = {
			isa = XCBuildConfiguration;
			buildSettings = {
				ALWAYS_SEARCH_USER_PATHS = NO;
				CLANG_ANALYZER_NONNULL = YES;
				CLANG_ANALYZER_NUMBER_OBJECT_CONVERSION = YES_AGGRESSIVE;
				CLANG_CXX_LANGUAGE_STANDARD = "gnu++17";
				CLANG_CXX_LIBRARY = "libc++";
				CLANG_ENABLE_MODULES = YES;
				CLANG_ENABLE_OBJC_ARC = YES;
				CLANG_ENABLE_OBJC_WEAK = YES;
				CLANG_WARN_BLOCK_CAPTURE_AUTORELEASING = YES;
				CLANG_WARN_BOOL_CONVERSION = YES;
				CLANG_WARN_COMMA = YES;
				CLANG_WARN_CONSTANT_CONVERSION = YES;
				CLANG_WARN_DEPRECATED_OBJC_IMPLEMENTATIONS = YES;
				CLANG_WARN_DIRECT_OBJC_ISA_USAGE = YES_ERROR;
				CLANG_WARN_DOCUMENTATION_COMMENTS = YES;
				CLANG_WARN_EMPTY_BODY = YES;
				CLANG_WARN_ENUM_CONVERSION = YES;
				CLANG_WARN_INFINITE_RECURSION = YES;
				CLANG_WARN_INT_CONVERSION = YES;
				CLANG_WARN_NON_LITERAL_NULL_CONVERSION = YES;
				CLANG_WARN_OBJC_IMPLICIT_RETAIN_SELF = YES;
				CLANG_WARN_OBJC_LITERAL_CONVERSION = YES;
				CLANG_WARN_OBJC_ROOT_CLASS = YES_ERROR;
				CLANG_WARN_QUOTED_INCLUDE_IN_FRAMEWORK_HEADER = YES;
				CLANG_WARN_RANGE_LOOP_ANALYSIS = YES;
				CLANG_WARN_STRICT_PROTOTYPES = YES;
				CLANG_WARN_SUSPICIOUS_MOVE = YES;
				CLANG_WARN_UNGUARDED_AVAILABILITY = YES_AGGRESSIVE;
				CLANG_WARN_UNREACHABLE_CODE = YES;
				CLANG_WARN__DUPLICATE_METHOD_MATCH = YES;
				COPY_PHASE_STRIP = NO;
				DEBUG_INFORMATION_FORMAT = "dwarf-with-dsym";
				ENABLE_NS_ASSERTIONS = NO;
				ENABLE_STRICT_OBJC_MSGSEND = YES;
				GCC_C_LANGUAGE_STANDARD = gnu11;
				GCC_NO_COMMON_BLOCKS = YES;
				GCC_WARN_64_TO_32_BIT_CONVERSION = YES;
				GCC_WARN_ABOUT_RETURN_TYPE = YES_ERROR;
				GCC_WARN_UNDECLARED_SELECTOR = YES;
				GCC_WARN_UNINITIALIZED_AUTOS = YES_AGGRESSIVE;
				GCC_WARN_UNUSED_FUNCTION = YES;
				GCC_WARN_UNUSED_VARIABLE = YES;
				IPHONEOS_DEPLOYMENT_TARGET = 15.0;
				MTL_ENABLE_DEBUG_INFO = NO;
				MTL_FAST_MATH = YES;
				SDKROOT = iphoneos;
				SWIFT_COMPILATION_MODE = wholemodule;
				SWIFT_OPTIMIZATION_LEVEL = "-O";
				VALIDATE_PRODUCT = YES;
			};
			name = Release;
		};
		F974E4F7285B17CC00CBA32E /* Debug */ = {
			isa = XCBuildConfiguration;
			baseConfigurationReference = 0C21AC2FBE609875E032E3C1 /* Pods-weatherTest.debug.xcconfig */;
			buildSettings = {
				ASSETCATALOG_COMPILER_APPICON_NAME = AppIcon;
				ASSETCATALOG_COMPILER_GLOBAL_ACCENT_COLOR_NAME = AccentColor;
				CODE_SIGN_STYLE = Automatic;
				CURRENT_PROJECT_VERSION = 1;
				DEVELOPMENT_TEAM = KBSYTU5GMJ;
				GENERATE_INFOPLIST_FILE = YES;
				INFOPLIST_FILE = weatherTest/Info.plist;
				INFOPLIST_KEY_NSLocationAlwaysUsageDescription = "App needs Location";
				INFOPLIST_KEY_NSLocationWhenInUseUsageDescription = "App needs Location";
				INFOPLIST_KEY_UIApplicationSupportsIndirectInputEvents = YES;
				INFOPLIST_KEY_UILaunchStoryboardName = LaunchScreen;
				INFOPLIST_KEY_UISupportedInterfaceOrientations_iPad = "UIInterfaceOrientationPortrait UIInterfaceOrientationPortraitUpsideDown UIInterfaceOrientationLandscapeLeft UIInterfaceOrientationLandscapeRight";
				INFOPLIST_KEY_UISupportedInterfaceOrientations_iPhone = "UIInterfaceOrientationPortrait UIInterfaceOrientationLandscapeLeft UIInterfaceOrientationLandscapeRight";
				LD_RUNPATH_SEARCH_PATHS = (
					"$(inherited)",
					"@executable_path/Frameworks",
				);
				MARKETING_VERSION = 1.0;
				PRODUCT_BUNDLE_IDENTIFIER = com.hannatassja.weatherTest;
				PRODUCT_NAME = "$(TARGET_NAME)";
				SWIFT_EMIT_LOC_STRINGS = YES;
				SWIFT_VERSION = 5.0;
				TARGETED_DEVICE_FAMILY = "1,2";
			};
			name = Debug;
		};
		F974E4F8285B17CC00CBA32E /* Release */ = {
			isa = XCBuildConfiguration;
			baseConfigurationReference = 46236D9F57A1C4B9A4F4262C /* Pods-weatherTest.release.xcconfig */;
			buildSettings = {
				ASSETCATALOG_COMPILER_APPICON_NAME = AppIcon;
				ASSETCATALOG_COMPILER_GLOBAL_ACCENT_COLOR_NAME = AccentColor;
				CODE_SIGN_STYLE = Automatic;
				CURRENT_PROJECT_VERSION = 1;
				DEVELOPMENT_TEAM = KBSYTU5GMJ;
				GENERATE_INFOPLIST_FILE = YES;
				INFOPLIST_FILE = weatherTest/Info.plist;
				INFOPLIST_KEY_NSLocationAlwaysUsageDescription = "App needs Location";
				INFOPLIST_KEY_NSLocationWhenInUseUsageDescription = "App needs Location";
				INFOPLIST_KEY_UIApplicationSupportsIndirectInputEvents = YES;
				INFOPLIST_KEY_UILaunchStoryboardName = LaunchScreen;
				INFOPLIST_KEY_UISupportedInterfaceOrientations_iPad = "UIInterfaceOrientationPortrait UIInterfaceOrientationPortraitUpsideDown UIInterfaceOrientationLandscapeLeft UIInterfaceOrientationLandscapeRight";
				INFOPLIST_KEY_UISupportedInterfaceOrientations_iPhone = "UIInterfaceOrientationPortrait UIInterfaceOrientationLandscapeLeft UIInterfaceOrientationLandscapeRight";
				LD_RUNPATH_SEARCH_PATHS = (
					"$(inherited)",
					"@executable_path/Frameworks",
				);
				MARKETING_VERSION = 1.0;
				PRODUCT_BUNDLE_IDENTIFIER = com.hannatassja.weatherTest;
				PRODUCT_NAME = "$(TARGET_NAME)";
				SWIFT_EMIT_LOC_STRINGS = YES;
				SWIFT_VERSION = 5.0;
				TARGETED_DEVICE_FAMILY = "1,2";
			};
			name = Release;
		};
/* End XCBuildConfiguration section */

/* Begin XCConfigurationList section */
		F974E4DD285B17CB00CBA32E /* Build configuration list for PBXProject "weatherTest" */ = {
			isa = XCConfigurationList;
			buildConfigurations = (
				F974E4F4285B17CC00CBA32E /* Debug */,
				F974E4F5285B17CC00CBA32E /* Release */,
			);
			defaultConfigurationIsVisible = 0;
			defaultConfigurationName = Release;
		};
		F974E4F6285B17CC00CBA32E /* Build configuration list for PBXNativeTarget "weatherTest" */ = {
			isa = XCConfigurationList;
			buildConfigurations = (
				F974E4F7285B17CC00CBA32E /* Debug */,
				F974E4F8285B17CC00CBA32E /* Release */,
			);
			defaultConfigurationIsVisible = 0;
			defaultConfigurationName = Release;
		};
/* End XCConfigurationList section */
	};
	rootObject = F974E4DA285B17CB00CBA32E /* Project object */;
}
